
Microsoft Visual Studio Solution File, Format Version 12.00
# Visual Studio Version 17
VisualStudioVersion = 17.3.32929.385
MinimumVisualStudioVersion = 10.0.40219.1
Project("{FAE04EC0-301F-11D3-BF4B-00C04F79EFBC}") = "project 8", "project 8\project 8.csproj", "{F36ADDA5-2B5B-405A-9607-9684091500D6}"
EndProject
Global
	GlobalSection(SolutionConfigurationPlatforms) = preSolution
		Debug|Any CPU = Debug|Any CPU
		Release|Any CPU = Release|Any CPU
	EndGlobalSection
	GlobalSection(ProjectConfigurationPlatforms) = postSolution
		{F36ADDA5-2B5B-405A-9607-9684091500D6}.Debug|Any CPU.ActiveCfg = Debug|Any CPU
		{F36ADDA5-2B5B-405A-9607-9684091500D6}.Debug|Any CPU.Build.0 = Debug|Any CPU
		{F36ADDA5-2B5B-405A-9607-9684091500D6}.Release|Any CPU.ActiveCfg = Release|Any CPU
		{F36ADDA5-2B5B-405A-9607-9684091500D6}.Release|Any CPU.Build.0 = Release|Any CPU
	EndGlobalSection
	GlobalSection(SolutionProperties) = preSolution
		HideSolutionNode = FALSE
	EndGlobalSection
	GlobalSection(ExtensibilityGlobals) = postSolution
		SolutionGuid = {88736C81-2450-48B5-8CF6-6B44FD1ECC87}
	EndGlobalSection
EndGlobal
