
Microsoft Visual Studio Solution File, Format Version 12.00
# Visual Studio Version 17
VisualStudioVersion = 17.4.33110.190
MinimumVisualStudioVersion = 10.0.40219.1
Project("{FAE04EC0-301F-11D3-BF4B-00C04F79EFBC}") = "project 9", "project 9\project 9.csproj", "{CC32396D-912E-488A-BDC7-000809097C32}"
EndProject
Global
	GlobalSection(SolutionConfigurationPlatforms) = preSolution
		Debug|Any CPU = Debug|Any CPU
		Release|Any CPU = Release|Any CPU
	EndGlobalSection
	GlobalSection(ProjectConfigurationPlatforms) = postSolution
		{CC32396D-912E-488A-BDC7-000809097C32}.Debug|Any CPU.ActiveCfg = Debug|Any CPU
		{CC32396D-912E-488A-BDC7-000809097C32}.Debug|Any CPU.Build.0 = Debug|Any CPU
		{CC32396D-912E-488A-BDC7-000809097C32}.Release|Any CPU.ActiveCfg = Release|Any CPU
		{CC32396D-912E-488A-BDC7-000809097C32}.Release|Any CPU.Build.0 = Release|Any CPU
	EndGlobalSection
	GlobalSection(SolutionProperties) = preSolution
		HideSolutionNode = FALSE
	EndGlobalSection
	GlobalSection(ExtensibilityGlobals) = postSolution
		SolutionGuid = {82B69DEA-BB9C-41B8-BE5B-27E94A009A23}
	EndGlobalSection
EndGlobal
